
Microsoft Visual Studio Solution File, Format Version 12.00
Project("{2150E333-8FDC-42A3-9474-1A3956D46DE8}") = "Tuples", "Tuples", "{BB8F23AE-55DB-40DA-AB3A-E159FD64B5C8}"
EndProject
Project("{FAE04EC0-301F-11D3-BF4B-00C04F79EFBC}") = "Tuples", "Tuples\Tuples\Tuples.csproj", "{CF75A801-D0E8-4966-8C38-D0D392CD5211}"
EndProject
Project("{2150E333-8FDC-42A3-9474-1A3956D46DE8}") = "Records", "Records", "{9394349E-DA3E-4A78-B7DE-A0CFBD3F55AF}"
EndProject
Project("{FAE04EC0-301F-11D3-BF4B-00C04F79EFBC}") = "Records", "Records\Records\Records.csproj", "{843AA05B-6569-4853-9C1F-DD74D7FB3202}"
EndProject
Project("{2150E333-8FDC-42A3-9474-1A3956D46DE8}") = "BackgroundServices", "BackgroundServices", "{2C36362F-BAAB-43A9-8FEA-E49AF9A78BA7}"
EndProject
Project("{FAE04EC0-301F-11D3-BF4B-00C04F79EFBC}") = "CloudMigrationWorker", "BackgroundServices\CloudMigrationWorker\CloudMigrationWorker.csproj", "{0373B5FC-F692-414D-9C2C-195352E0B318}"
EndProject
Global
	GlobalSection(SolutionConfigurationPlatforms) = preSolution
		Debug|Any CPU = Debug|Any CPU
		Release|Any CPU = Release|Any CPU
	EndGlobalSection
	GlobalSection(ProjectConfigurationPlatforms) = postSolution
		{CF75A801-D0E8-4966-8C38-D0D392CD5211}.Debug|Any CPU.ActiveCfg = Debug|Any CPU
		{CF75A801-D0E8-4966-8C38-D0D392CD5211}.Debug|Any CPU.Build.0 = Debug|Any CPU
		{CF75A801-D0E8-4966-8C38-D0D392CD5211}.Release|Any CPU.ActiveCfg = Release|Any CPU
		{CF75A801-D0E8-4966-8C38-D0D392CD5211}.Release|Any CPU.Build.0 = Release|Any CPU
		{843AA05B-6569-4853-9C1F-DD74D7FB3202}.Debug|Any CPU.ActiveCfg = Debug|Any CPU
		{843AA05B-6569-4853-9C1F-DD74D7FB3202}.Debug|Any CPU.Build.0 = Debug|Any CPU
		{843AA05B-6569-4853-9C1F-DD74D7FB3202}.Release|Any CPU.ActiveCfg = Release|Any CPU
		{843AA05B-6569-4853-9C1F-DD74D7FB3202}.Release|Any CPU.Build.0 = Release|Any CPU
		{0373B5FC-F692-414D-9C2C-195352E0B318}.Debug|Any CPU.ActiveCfg = Debug|Any CPU
		{0373B5FC-F692-414D-9C2C-195352E0B318}.Debug|Any CPU.Build.0 = Debug|Any CPU
		{0373B5FC-F692-414D-9C2C-195352E0B318}.Release|Any CPU.ActiveCfg = Release|Any CPU
		{0373B5FC-F692-414D-9C2C-195352E0B318}.Release|Any CPU.Build.0 = Release|Any CPU
	EndGlobalSection
	GlobalSection(NestedProjects) = preSolution
		{CF75A801-D0E8-4966-8C38-D0D392CD5211} = {BB8F23AE-55DB-40DA-AB3A-E159FD64B5C8}
		{843AA05B-6569-4853-9C1F-DD74D7FB3202} = {9394349E-DA3E-4A78-B7DE-A0CFBD3F55AF}
		{0373B5FC-F692-414D-9C2C-195352E0B318} = {2C36362F-BAAB-43A9-8FEA-E49AF9A78BA7}
	EndGlobalSection
EndGlobal
