
Microsoft Visual Studio Solution File, Format Version 12.00
Project("{FAE04EC0-301F-11D3-BF4B-00C04F79EFBC}") = "Tuples", "Tuples.csproj", "{F79898F6-F14E-416A-8884-2641A023D259}"
EndProject
Global
	GlobalSection(SolutionConfigurationPlatforms) = preSolution
		Debug|Any CPU = Debug|Any CPU
		Release|Any CPU = Release|Any CPU
	EndGlobalSection
	GlobalSection(ProjectConfigurationPlatforms) = postSolution
		{F79898F6-F14E-416A-8884-2641A023D259}.Debug|Any CPU.ActiveCfg = Debug|Any CPU
		{F79898F6-F14E-416A-8884-2641A023D259}.Debug|Any CPU.Build.0 = Debug|Any CPU
		{F79898F6-F14E-416A-8884-2641A023D259}.Release|Any CPU.ActiveCfg = Release|Any CPU
		{F79898F6-F14E-416A-8884-2641A023D259}.Release|Any CPU.Build.0 = Release|Any CPU
	EndGlobalSection
EndGlobal
